
Microsoft Visual Studio Solution File, Format Version 12.00
# Visual Studio Version 17
VisualStudioVersion = 17.12.35707.178 d17.12
MinimumVisualStudioVersion = 10.0.40219.1
Project("{FAE04EC0-301F-11D3-BF4B-00C04F79EFBC}") = "NewMauiApp", "NewMauiApp\NewMauiApp.csproj", "{CA0113C5-D7DE-4B89-8F44-30D3C4D27D7C}"
EndProject
Project("{FAE04EC0-301F-11D3-BF4B-00C04F79EFBC}") = "MyClassLib", "MyClassLib\MyClassLib.csproj", "{6F7EC1D3-638C-403A-9425-D931EC7393D4}"
EndProject
Project("{FAE04EC0-301F-11D3-BF4B-00C04F79EFBC}") = "MyStandardLib", "MyStandardLib\MyStandardLib.csproj", "{93CCDB82-7643-495D-98BC-824708B7D767}"
EndProject
Global
	GlobalSection(SolutionConfigurationPlatforms) = preSolution
		Debug|Any CPU = Debug|Any CPU
		Release|Any CPU = Release|Any CPU
		Testing|Any CPU = Testing|Any CPU
	EndGlobalSection
	GlobalSection(ProjectConfigurationPlatforms) = postSolution
		{CA0113C5-D7DE-4B89-8F44-30D3C4D27D7C}.Debug|Any CPU.ActiveCfg = Debug|Any CPU
		{CA0113C5-D7DE-4B89-8F44-30D3C4D27D7C}.Debug|Any CPU.Build.0 = Debug|Any CPU
		{CA0113C5-D7DE-4B89-8F44-30D3C4D27D7C}.Debug|Any CPU.Deploy.0 = Debug|Any CPU
		{CA0113C5-D7DE-4B89-8F44-30D3C4D27D7C}.Release|Any CPU.ActiveCfg = Release|Any CPU
		{CA0113C5-D7DE-4B89-8F44-30D3C4D27D7C}.Release|Any CPU.Build.0 = Release|Any CPU
		{CA0113C5-D7DE-4B89-8F44-30D3C4D27D7C}.Testing|Any CPU.ActiveCfg = Testing|Any CPU
		{CA0113C5-D7DE-4B89-8F44-30D3C4D27D7C}.Testing|Any CPU.Build.0 = Testing|Any CPU
		{6F7EC1D3-638C-403A-9425-D931EC7393D4}.Debug|Any CPU.ActiveCfg = Debug|Any CPU
		{6F7EC1D3-638C-403A-9425-D931EC7393D4}.Debug|Any CPU.Build.0 = Debug|Any CPU
		{6F7EC1D3-638C-403A-9425-D931EC7393D4}.Release|Any CPU.ActiveCfg = Release|Any CPU
		{6F7EC1D3-638C-403A-9425-D931EC7393D4}.Release|Any CPU.Build.0 = Release|Any CPU
		{6F7EC1D3-638C-403A-9425-D931EC7393D4}.Testing|Any CPU.ActiveCfg = Testing|Any CPU
		{6F7EC1D3-638C-403A-9425-D931EC7393D4}.Testing|Any CPU.Build.0 = Testing|Any CPU
		{93CCDB82-7643-495D-98BC-824708B7D767}.Debug|Any CPU.ActiveCfg = Debug|Any CPU
		{93CCDB82-7643-495D-98BC-824708B7D767}.Debug|Any CPU.Build.0 = Debug|Any CPU
		{93CCDB82-7643-495D-98BC-824708B7D767}.Release|Any CPU.ActiveCfg = Release|Any CPU
		{93CCDB82-7643-495D-98BC-824708B7D767}.Release|Any CPU.Build.0 = Release|Any CPU
		{93CCDB82-7643-495D-98BC-824708B7D767}.Testing|Any CPU.ActiveCfg = Testing|Any CPU
		{93CCDB82-7643-495D-98BC-824708B7D767}.Testing|Any CPU.Build.0 = Testing|Any CPU
	EndGlobalSection
	GlobalSection(SolutionProperties) = preSolution
		HideSolutionNode = FALSE
	EndGlobalSection
EndGlobal
